
Microsoft Visual Studio Solution File, Format Version 12.00
# Visual Studio Version 17
VisualStudioVersion = 17.1.32407.343
MinimumVisualStudioVersion = 10.0.40219.1
Project("{9A19103F-16F7-4668-BE54-9A1E7A4F7556}") = "StringCalculatorKata", "StringCalculatorKata\StringCalculatorKata.csproj", "{05C43FAC-3853-4D1D-9145-BCDD9BED955B}"
EndProject
Project("{FAE04EC0-301F-11D3-BF4B-00C04F79EFBC}") = "StringCalculatorKataTest", "StringCalculatorKataTest\StringCalculatorKataTest.csproj", "{EB597DA1-4836-4C0C-8D3E-D970C40FCFBE}"
EndProject
Global
	GlobalSection(SolutionConfigurationPlatforms) = preSolution
		Debug|Any CPU = Debug|Any CPU
		Release|Any CPU = Release|Any CPU
	EndGlobalSection
	GlobalSection(ProjectConfigurationPlatforms) = postSolution
		{05C43FAC-3853-4D1D-9145-BCDD9BED955B}.Debug|Any CPU.ActiveCfg = Debug|Any CPU
		{05C43FAC-3853-4D1D-9145-BCDD9BED955B}.Debug|Any CPU.Build.0 = Debug|Any CPU
		{05C43FAC-3853-4D1D-9145-BCDD9BED955B}.Release|Any CPU.ActiveCfg = Release|Any CPU
		{05C43FAC-3853-4D1D-9145-BCDD9BED955B}.Release|Any CPU.Build.0 = Release|Any CPU
		{EB597DA1-4836-4C0C-8D3E-D970C40FCFBE}.Debug|Any CPU.ActiveCfg = Debug|Any CPU
		{EB597DA1-4836-4C0C-8D3E-D970C40FCFBE}.Debug|Any CPU.Build.0 = Debug|Any CPU
		{EB597DA1-4836-4C0C-8D3E-D970C40FCFBE}.Release|Any CPU.ActiveCfg = Release|Any CPU
		{EB597DA1-4836-4C0C-8D3E-D970C40FCFBE}.Release|Any CPU.Build.0 = Release|Any CPU
	EndGlobalSection
	GlobalSection(SolutionProperties) = preSolution
		HideSolutionNode = FALSE
	EndGlobalSection
	GlobalSection(ExtensibilityGlobals) = postSolution
		SolutionGuid = {066EAD98-AAA7-463B-B0BA-A23C6D798353}
	EndGlobalSection
EndGlobal
